
Microsoft Visual Studio Solution File, Format Version 12.00
# Visual Studio Version 17
VisualStudioVersion = 17.0.31903.59
MinimumVisualStudioVersion = 10.0.40219.1
Project("{FAE04EC0-301F-11D3-BF4B-00C04F79EFBC}") = "McpPromptServer", "McpPromptServer\McpPromptServer.csproj", "{8598573D-4224-4CD5-A2D3-D86134A238C1}"
EndProject
Project("{FAE04EC0-301F-11D3-BF4B-00C04F79EFBC}") = "McpPromptClient", "McpPromptClient\McpPromptClient.csproj", "{BA547798-6429-46AA-97D5-702718FA7043}"
EndProject
Project("{2150E333-8FDC-42A3-9474-1A3956D46DE8}") = "Solution Items", "Solution Items", "{8EC462FD-D22E-90A8-E5CE-7E832BA40C5D}"
	ProjectSection(SolutionItems) = preProject
		.gitignore = .gitignore
		backlog.txt = backlog.txt
		mcp_prompt_manager_overview.txt = mcp_prompt_manager_overview.txt
		mcp_server_file_systems_prompts_requirements.txt = mcp_server_file_systems_prompts_requirements.txt
		README.md = README.md
	EndProjectSection
EndProject
Project("{FAE04EC0-301F-11D3-BF4B-00C04F79EFBC}") = "PromptLoader", "PromptLoader\PromptLoader.csproj", "{EA023C0A-19C0-B7F6-C62C-49E1928FBC6A}"
EndProject
Project("{FAE04EC0-301F-11D3-BF4B-00C04F79EFBC}") = "PromptLoader.Tests", "PromptLoader.Tests\PromptLoader.Tests.csproj", "{35C6C67B-984F-3647-1468-7E9E4127A49E}"
EndProject
Global
	GlobalSection(SolutionConfigurationPlatforms) = preSolution
		Debug|Any CPU = Debug|Any CPU
		Debug|x64 = Debug|x64
		Debug|x86 = Debug|x86
		Release|Any CPU = Release|Any CPU
		Release|x64 = Release|x64
		Release|x86 = Release|x86
	EndGlobalSection
	GlobalSection(ProjectConfigurationPlatforms) = postSolution
		{8598573D-4224-4CD5-A2D3-D86134A238C1}.Debug|Any CPU.ActiveCfg = Debug|Any CPU
		{8598573D-4224-4CD5-A2D3-D86134A238C1}.Debug|Any CPU.Build.0 = Debug|Any CPU
		{8598573D-4224-4CD5-A2D3-D86134A238C1}.Debug|x64.ActiveCfg = Debug|Any CPU
		{8598573D-4224-4CD5-A2D3-D86134A238C1}.Debug|x64.Build.0 = Debug|Any CPU
		{8598573D-4224-4CD5-A2D3-D86134A238C1}.Debug|x86.ActiveCfg = Debug|Any CPU
		{8598573D-4224-4CD5-A2D3-D86134A238C1}.Debug|x86.Build.0 = Debug|Any CPU
		{8598573D-4224-4CD5-A2D3-D86134A238C1}.Release|Any CPU.ActiveCfg = Release|Any CPU
		{8598573D-4224-4CD5-A2D3-D86134A238C1}.Release|Any CPU.Build.0 = Release|Any CPU
		{8598573D-4224-4CD5-A2D3-D86134A238C1}.Release|x64.ActiveCfg = Release|Any CPU
		{8598573D-4224-4CD5-A2D3-D86134A238C1}.Release|x64.Build.0 = Release|Any CPU
		{8598573D-4224-4CD5-A2D3-D86134A238C1}.Release|x86.ActiveCfg = Release|Any CPU
		{8598573D-4224-4CD5-A2D3-D86134A238C1}.Release|x86.Build.0 = Release|Any CPU
		{BA547798-6429-46AA-97D5-702718FA7043}.Debug|Any CPU.ActiveCfg = Debug|Any CPU
		{BA547798-6429-46AA-97D5-702718FA7043}.Debug|Any CPU.Build.0 = Debug|Any CPU
		{BA547798-6429-46AA-97D5-702718FA7043}.Debug|x64.ActiveCfg = Debug|Any CPU
		{BA547798-6429-46AA-97D5-702718FA7043}.Debug|x64.Build.0 = Debug|Any CPU
		{BA547798-6429-46AA-97D5-702718FA7043}.Debug|x86.ActiveCfg = Debug|Any CPU
		{BA547798-6429-46AA-97D5-702718FA7043}.Debug|x86.Build.0 = Debug|Any CPU
		{BA547798-6429-46AA-97D5-702718FA7043}.Release|Any CPU.ActiveCfg = Release|Any CPU
		{BA547798-6429-46AA-97D5-702718FA7043}.Release|Any CPU.Build.0 = Release|Any CPU
		{BA547798-6429-46AA-97D5-702718FA7043}.Release|x64.ActiveCfg = Release|Any CPU
		{BA547798-6429-46AA-97D5-702718FA7043}.Release|x64.Build.0 = Release|Any CPU
		{BA547798-6429-46AA-97D5-702718FA7043}.Release|x86.ActiveCfg = Release|Any CPU
		{BA547798-6429-46AA-97D5-702718FA7043}.Release|x86.Build.0 = Release|Any CPU
		{EA023C0A-19C0-B7F6-C62C-49E1928FBC6A}.Debug|Any CPU.ActiveCfg = Debug|Any CPU
		{EA023C0A-19C0-B7F6-C62C-49E1928FBC6A}.Debug|Any CPU.Build.0 = Debug|Any CPU
		{EA023C0A-19C0-B7F6-C62C-49E1928FBC6A}.Debug|x64.ActiveCfg = Debug|Any CPU
		{EA023C0A-19C0-B7F6-C62C-49E1928FBC6A}.Debug|x64.Build.0 = Debug|Any CPU
		{EA023C0A-19C0-B7F6-C62C-49E1928FBC6A}.Debug|x86.ActiveCfg = Debug|Any CPU
		{EA023C0A-19C0-B7F6-C62C-49E1928FBC6A}.Debug|x86.Build.0 = Debug|Any CPU
		{EA023C0A-19C0-B7F6-C62C-49E1928FBC6A}.Release|Any CPU.ActiveCfg = Release|Any CPU
		{EA023C0A-19C0-B7F6-C62C-49E1928FBC6A}.Release|Any CPU.Build.0 = Release|Any CPU
		{EA023C0A-19C0-B7F6-C62C-49E1928FBC6A}.Release|x64.ActiveCfg = Release|Any CPU
		{EA023C0A-19C0-B7F6-C62C-49E1928FBC6A}.Release|x64.Build.0 = Release|Any CPU
		{EA023C0A-19C0-B7F6-C62C-49E1928FBC6A}.Release|x86.ActiveCfg = Release|Any CPU
		{EA023C0A-19C0-B7F6-C62C-49E1928FBC6A}.Release|x86.Build.0 = Release|Any CPU
		{35C6C67B-984F-3647-1468-7E9E4127A49E}.Debug|Any CPU.ActiveCfg = Debug|Any CPU
		{35C6C67B-984F-3647-1468-7E9E4127A49E}.Debug|Any CPU.Build.0 = Debug|Any CPU
		{35C6C67B-984F-3647-1468-7E9E4127A49E}.Debug|x64.ActiveCfg = Debug|Any CPU
		{35C6C67B-984F-3647-1468-7E9E4127A49E}.Debug|x64.Build.0 = Debug|Any CPU
		{35C6C67B-984F-3647-1468-7E9E4127A49E}.Debug|x86.ActiveCfg = Debug|Any CPU
		{35C6C67B-984F-3647-1468-7E9E4127A49E}.Debug|x86.Build.0 = Debug|Any CPU
		{35C6C67B-984F-3647-1468-7E9E4127A49E}.Release|Any CPU.ActiveCfg = Release|Any CPU
		{35C6C67B-984F-3647-1468-7E9E4127A49E}.Release|Any CPU.Build.0 = Release|Any CPU
		{35C6C67B-984F-3647-1468-7E9E4127A49E}.Release|x64.ActiveCfg = Release|Any CPU
		{35C6C67B-984F-3647-1468-7E9E4127A49E}.Release|x64.Build.0 = Release|Any CPU
		{35C6C67B-984F-3647-1468-7E9E4127A49E}.Release|x86.ActiveCfg = Release|Any CPU
		{35C6C67B-984F-3647-1468-7E9E4127A49E}.Release|x86.Build.0 = Release|Any CPU
	EndGlobalSection
	GlobalSection(SolutionProperties) = preSolution
		HideSolutionNode = FALSE
	EndGlobalSection
	GlobalSection(ExtensibilityGlobals) = postSolution
		SolutionGuid = {6B99A9B2-9D72-49AE-9FB8-978732F65FB9}
	EndGlobalSection
EndGlobal
